// !$*UTF8*$!
{
	archiveVersion = 1;
	classes = {
	};
	objectVersion = 50;
	objects = {

/* Begin PBXBuildFile section */
		A98A0BC323B2F93800CD7DBE /* AppDelegate.swift in Sources */ = {isa = PBXBuildFile; fileRef = A98A0BC223B2F93800CD7DBE /* AppDelegate.swift */; };
		A98A0BC523B2F93800CD7DBE /* ContentView.swift in Sources */ = {isa = PBXBuildFile; fileRef = A98A0BC423B2F93800CD7DBE /* ContentView.swift */; };
		A98A0BC723B2F93900CD7DBE /* Assets.xcassets in Resources */ = {isa = PBXBuildFile; fileRef = A98A0BC623B2F93900CD7DBE /* Assets.xcassets */; };
		A98A0BCA23B2F93900CD7DBE /* Preview Assets.xcassets in Resources */ = {isa = PBXBuildFile; fileRef = A98A0BC923B2F93900CD7DBE /* Preview Assets.xcassets */; };
		A98A0BCD23B2F93900CD7DBE /* Main.storyboard in Resources */ = {isa = PBXBuildFile; fileRef = A98A0BCB23B2F93900CD7DBE /* Main.storyboard */; };
		A98A0BD923B2F93900CD7DBE /* clockTests.swift in Sources */ = {isa = PBXBuildFile; fileRef = A98A0BD823B2F93900CD7DBE /* clockTests.swift */; };
		A98A0BE423B2F93900CD7DBE /* clockUITests.swift in Sources */ = {isa = PBXBuildFile; fileRef = A98A0BE323B2F93900CD7DBE /* clockUITests.swift */; };
/* End PBXBuildFile section */

/* Begin PBXContainerItemProxy section */
		A98A0BD523B2F93900CD7DBE /* PBXContainerItemProxy */ = {
			isa = PBXContainerItemProxy;
			containerPortal = A98A0BB723B2F93800CD7DBE /* Project object */;
			proxyType = 1;
			remoteGlobalIDString = A98A0BBE23B2F93800CD7DBE;
			remoteInfo = clock;
		};
		A98A0BE023B2F93900CD7DBE /* PBXContainerItemProxy */ = {
			isa = PBXContainerItemProxy;
			containerPortal = A98A0BB723B2F93800CD7DBE /* Project object */;
			proxyType = 1;
			remoteGlobalIDString = A98A0BBE23B2F93800CD7DBE;
			remoteInfo = clock;
		};
/* End PBXContainerItemProxy section */

/* Begin PBXFileReference section */
		A98A0BBF23B2F93800CD7DBE /* clock.app */ = {isa = PBXFileReference; explicitFileType = wrapper.application; includeInIndex = 0; path = clock.app; sourceTree = BUILT_PRODUCTS_DIR; };
		A98A0BC223B2F93800CD7DBE /* AppDelegate.swift */ = {isa = PBXFileReference; lastKnownFileType = sourcecode.swift; path = AppDelegate.swift; sourceTree = "<group>"; };
		A98A0BC423B2F93800CD7DBE /* ContentView.swift */ = {isa = PBXFileReference; lastKnownFileType = sourcecode.swift; path = ContentView.swift; sourceTree = "<group>"; };
		A98A0BC623B2F93900CD7DBE /* Assets.xcassets */ = {isa = PBXFileReference; lastKnownFileType = folder.assetcatalog; path = Assets.xcassets; sourceTree = "<group>"; };
		A98A0BC923B2F93900CD7DBE /* Preview Assets.xcassets */ = {isa = PBXFileReference; lastKnownFileType = folder.assetcatalog; path = "Preview Assets.xcassets"; sourceTree = "<group>"; };
		A98A0BCC23B2F93900CD7DBE /* Base */ = {isa = PBXFileReference; lastKnownFileType = file.storyboard; name = Base; path = Base.lproj/Main.storyboard; sourceTree = "<group>"; };
		A98A0BCE23B2F93900CD7DBE /* Info.plist */ = {isa = PBXFileReference; lastKnownFileType = text.plist.xml; path = Info.plist; sourceTree = "<group>"; };
		A98A0BCF23B2F93900CD7DBE /* clock.entitlements */ = {isa = PBXFileReference; lastKnownFileType = text.plist.entitlements; path = clock.entitlements; sourceTree = "<group>"; };
		A98A0BD423B2F93900CD7DBE /* clockTests.xctest */ = {isa = PBXFileReference; explicitFileType = wrapper.cfbundle; includeInIndex = 0; path = clockTests.xctest; sourceTree = BUILT_PRODUCTS_DIR; };
		A98A0BD823B2F93900CD7DBE /* clockTests.swift */ = {isa = PBXFileReference; lastKnownFileType = sourcecode.swift; path = clockTests.swift; sourceTree = "<group>"; };
		A98A0BDA23B2F93900CD7DBE /* Info.plist */ = {isa = PBXFileReference; lastKnownFileType = text.plist.xml; path = Info.plist; sourceTree = "<group>"; };
		A98A0BDF23B2F93900CD7DBE /* clockUITests.xctest */ = {isa = PBXFileReference; explicitFileType = wrapper.cfbundle; includeInIndex = 0; path = clockUITests.xctest; sourceTree = BUILT_PRODUCTS_DIR; };
		A98A0BE323B2F93900CD7DBE /* clockUITests.swift */ = {isa = PBXFileReference; lastKnownFileType = sourcecode.swift; path = clockUITests.swift; sourceTree = "<group>"; };
		A98A0BE523B2F93900CD7DBE /* Info.plist */ = {isa = PBXFileReference; lastKnownFileType = text.plist.xml; path = Info.plist; sourceTree = "<group>"; };
/* End PBXFileReference section */

/* Begin PBXFrameworksBuildPhase section */
		A98A0BBC23B2F93800CD7DBE /* Frameworks */ = {
			isa = PBXFrameworksBuildPhase;
			buildActionMask = 2147483647;
			files = (
			);
			runOnlyForDeploymentPostprocessing = 0;
		};
		A98A0BD123B2F93900CD7DBE /* Frameworks */ = {
			isa = PBXFrameworksBuildPhase;
			buildActionMask = 2147483647;
			files = (
			);
			runOnlyForDeploymentPostprocessing = 0;
		};
		A98A0BDC23B2F93900CD7DBE /* Frameworks */ = {
			isa = PBXFrameworksBuildPhase;
			buildActionMask = 2147483647;
			files = (
			);
			runOnlyForDeploymentPostprocessing = 0;
		};
/* End PBXFrameworksBuildPhase section */

/* Begin PBXGroup section */
		A98A0BB623B2F93800CD7DBE = {
			isa = PBXGroup;
			children = (
				A98A0BC123B2F93800CD7DBE /* clock */,
				A98A0BD723B2F93900CD7DBE /* clockTests */,
				A98A0BE223B2F93900CD7DBE /* clockUITests */,
				A98A0BC023B2F93800CD7DBE /* Products */,
			);
			sourceTree = "<group>";
		};
		A98A0BC023B2F93800CD7DBE /* Products */ = {
			isa = PBXGroup;
			children = (
				A98A0BBF23B2F93800CD7DBE /* clock.app */,
				A98A0BD423B2F93900CD7DBE /* clockTests.xctest */,
				A98A0BDF23B2F93900CD7DBE /* clockUITests.xctest */,
			);
			name = Products;
			sourceTree = "<group>";
		};
		A98A0BC123B2F93800CD7DBE /* clock */ = {
			isa = PBXGroup;
			children = (
				A98A0BC223B2F93800CD7DBE /* AppDelegate.swift */,
				A98A0BC423B2F93800CD7DBE /* ContentView.swift */,
				A98A0BC623B2F93900CD7DBE /* Assets.xcassets */,
				A98A0BCB23B2F93900CD7DBE /* Main.storyboard */,
				A98A0BCE23B2F93900CD7DBE /* Info.plist */,
				A98A0BCF23B2F93900CD7DBE /* clock.entitlements */,
				A98A0BC823B2F93900CD7DBE /* Preview Content */,
			);
			path = clock;
			sourceTree = "<group>";
		};
		A98A0BC823B2F93900CD7DBE /* Preview Content */ = {
			isa = PBXGroup;
			children = (
				A98A0BC923B2F93900CD7DBE /* Preview Assets.xcassets */,
			);
			path = "Preview Content";
			sourceTree = "<group>";
		};
		A98A0BD723B2F93900CD7DBE /* clockTests */ = {
			isa = PBXGroup;
			children = (
				A98A0BD823B2F93900CD7DBE /* clockTests.swift */,
				A98A0BDA23B2F93900CD7DBE /* Info.plist */,
			);
			path = clockTests;
			sourceTree = "<group>";
		};
		A98A0BE223B2F93900CD7DBE /* clockUITests */ = {
			isa = PBXGroup;
			children = (
				A98A0BE323B2F93900CD7DBE /* clockUITests.swift */,
				A98A0BE523B2F93900CD7DBE /* Info.plist */,
			);
			path = clockUITests;
			sourceTree = "<group>";
		};
/* End PBXGroup section */

/* Begin PBXNativeTarget section */
		A98A0BBE23B2F93800CD7DBE /* clock */ = {
			isa = PBXNativeTarget;
			buildConfigurationList = A98A0BE823B2F93900CD7DBE /* Build configuration list for PBXNativeTarget "clock" */;
			buildPhases = (
				A98A0BBB23B2F93800CD7DBE /* Sources */,
				A98A0BBC23B2F93800CD7DBE /* Frameworks */,
				A98A0BBD23B2F93800CD7DBE /* Resources */,
			);
			buildRules = (
			);
			dependencies = (
			);
			name = clock;
			productName = clock;
			productReference = A98A0BBF23B2F93800CD7DBE /* clock.app */;
			productType = "com.apple.product-type.application";
		};
		A98A0BD323B2F93900CD7DBE /* clockTests */ = {
			isa = PBXNativeTarget;
			buildConfigurationList = A98A0BEB23B2F93900CD7DBE /* Build configuration list for PBXNativeTarget "clockTests" */;
			buildPhases = (
				A98A0BD023B2F93900CD7DBE /* Sources */,
				A98A0BD123B2F93900CD7DBE /* Frameworks */,
				A98A0BD223B2F93900CD7DBE /* Resources */,
			);
			buildRules = (
			);
			dependencies = (
				A98A0BD623B2F93900CD7DBE /* PBXTargetDependency */,
			);
			name = clockTests;
			productName = clockTests;
			productReference = A98A0BD423B2F93900CD7DBE /* clockTests.xctest */;
			productType = "com.apple.product-type.bundle.unit-test";
		};
		A98A0BDE23B2F93900CD7DBE /* clockUITests */ = {
			isa = PBXNativeTarget;
			buildConfigurationList = A98A0BEE23B2F93900CD7DBE /* Build configuration list for PBXNativeTarget "clockUITests" */;
			buildPhases = (
				A98A0BDB23B2F93900CD7DBE /* Sources */,
				A98A0BDC23B2F93900CD7DBE /* Frameworks */,
				A98A0BDD23B2F93900CD7DBE /* Resources */,
			);
			buildRules = (
			);
			dependencies = (
				A98A0BE123B2F93900CD7DBE /* PBXTargetDependency */,
			);
			name = clockUITests;
			productName = clockUITests;
			productReference = A98A0BDF23B2F93900CD7DBE /* clockUITests.xctest */;
			productType = "com.apple.product-type.bundle.ui-testing";
		};
/* End PBXNativeTarget section */

/* Begin PBXProject section */
		A98A0BB723B2F93800CD7DBE /* Project object */ = {
			isa = PBXProject;
			attributes = {
				LastSwiftUpdateCheck = 1130;
				LastUpgradeCheck = 1130;
				ORGANIZATIONNAME = tnmr;
				TargetAttributes = {
					A98A0BBE23B2F93800CD7DBE = {
						CreatedOnToolsVersion = 11.3;
					};
					A98A0BD323B2F93900CD7DBE = {
						CreatedOnToolsVersion = 11.3;
						TestTargetID = A98A0BBE23B2F93800CD7DBE;
					};
					A98A0BDE23B2F93900CD7DBE = {
						CreatedOnToolsVersion = 11.3;
						TestTargetID = A98A0BBE23B2F93800CD7DBE;
					};
				};
			};
			buildConfigurationList = A98A0BBA23B2F93800CD7DBE /* Build configuration list for PBXProject "clock" */;
			compatibilityVersion = "Xcode 9.3";
			developmentRegion = en;
			hasScannedForEncodings = 0;
			knownRegions = (
				en,
				Base,
			);
			mainGroup = A98A0BB623B2F93800CD7DBE;
			productRefGroup = A98A0BC023B2F93800CD7DBE /* Products */;
			projectDirPath = "";
			projectRoot = "";
			targets = (
				A98A0BBE23B2F93800CD7DBE /* clock */,
				A98A0BD323B2F93900CD7DBE /* clockTests */,
				A98A0BDE23B2F93900CD7DBE /* clockUITests */,
			);
		};
/* End PBXProject section */

/* Begin PBXResourcesBuildPhase section */
		A98A0BBD23B2F93800CD7DBE /* Resources */ = {
			isa = PBXResourcesBuildPhase;
			buildActionMask = 2147483647;
			files = (
				A98A0BCD23B2F93900CD7DBE /* Main.storyboard in Resources */,
				A98A0BCA23B2F93900CD7DBE /* Preview Assets.xcassets in Resources */,
				A98A0BC723B2F93900CD7DBE /* Assets.xcassets in Resources */,
			);
			runOnlyForDeploymentPostprocessing = 0;
		};
		A98A0BD223B2F93900CD7DBE /* Resources */ = {
			isa = PBXResourcesBuildPhase;
			buildActionMask = 2147483647;
			files = (
			);
			runOnlyForDeploymentPostprocessing = 0;
		};
		A98A0BDD23B2F93900CD7DBE /* Resources */ = {
			isa = PBXResourcesBuildPhase;
			buildActionMask = 2147483647;
			files = (
			);
			runOnlyForDeploymentPostprocessing = 0;
		};
/* End PBXResourcesBuildPhase section */

/* Begin PBXSourcesBuildPhase section */
		A98A0BBB23B2F93800CD7DBE /* Sources */ = {
			isa = PBXSourcesBuildPhase;
			buildActionMask = 2147483647;
			files = (
				A98A0BC523B2F93800CD7DBE /* ContentView.swift in Sources */,
				A98A0BC323B2F93800CD7DBE /* AppDelegate.swift in Sources */,
			);
			runOnlyForDeploymentPostprocessing = 0;
		};
		A98A0BD023B2F93900CD7DBE /* Sources */ = {
			isa = PBXSourcesBuildPhase;
			buildActionMask = 2147483647;
			files = (
				A98A0BD923B2F93900CD7DBE /* clockTests.swift in Sources */,
			);
			runOnlyForDeploymentPostprocessing = 0;
		};
		A98A0BDB23B2F93900CD7DBE /* Sources */ = {
			isa = PBXSourcesBuildPhase;
			buildActionMask = 2147483647;
			files = (
				A98A0BE423B2F93900CD7DBE /* clockUITests.swift in Sources */,
			);
			runOnlyForDeploymentPostprocessing = 0;
		};
/* End PBXSourcesBuildPhase section */

/* Begin PBXTargetDependency section */
		A98A0BD623B2F93900CD7DBE /* PBXTargetDependency */ = {
			isa = PBXTargetDependency;
			target = A98A0BBE23B2F93800CD7DBE /* clock */;
			targetProxy = A98A0BD523B2F93900CD7DBE /* PBXContainerItemProxy */;
		};
		A98A0BE123B2F93900CD7DBE /* PBXTargetDependency */ = {
			isa = PBXTargetDependency;
			target = A98A0BBE23B2F93800CD7DBE /* clock */;
			targetProxy = A98A0BE023B2F93900CD7DBE /* PBXContainerItemProxy */;
		};
/* End PBXTargetDependency section */

/* Begin PBXVariantGroup section */
		A98A0BCB23B2F93900CD7DBE /* Main.storyboard */ = {
			isa = PBXVariantGroup;
			children = (
				A98A0BCC23B2F93900CD7DBE /* Base */,
			);
			name = Main.storyboard;
			sourceTree = "<group>";
		};
/* End PBXVariantGroup section */

/* Begin XCBuildConfiguration section */
		A98A0BE623B2F93900CD7DBE /* Debug */ = {
			isa = XCBuildConfiguration;
			buildSettings = {
				ALWAYS_SEARCH_USER_PATHS = NO;
				CLANG_ANALYZER_NONNULL = YES;
				CLANG_ANALYZER_NUMBER_OBJECT_CONVERSION = YES_AGGRESSIVE;
				CLANG_CXX_LANGUAGE_STANDARD = "gnu++14";
				CLANG_CXX_LIBRARY = "libc++";
				CLANG_ENABLE_MODULES = YES;
				CLANG_ENABLE_OBJC_ARC = YES;
				CLANG_ENABLE_OBJC_WEAK = YES;
				CLANG_WARN_BLOCK_CAPTURE_AUTORELEASING = YES;
				CLANG_WARN_BOOL_CONVERSION = YES;
				CLANG_WARN_COMMA = YES;
				CLANG_WARN_CONSTANT_CONVERSION = YES;
				CLANG_WARN_DEPRECATED_OBJC_IMPLEMENTATIONS = YES;
				CLANG_WARN_DIRECT_OBJC_ISA_USAGE = YES_ERROR;
				CLANG_WARN_DOCUMENTATION_COMMENTS = YES;
				CLANG_WARN_EMPTY_BODY = YES;
				CLANG_WARN_ENUM_CONVERSION = YES;
				CLANG_WARN_INFINITE_RECURSION = YES;
				CLANG_WARN_INT_CONVERSION = YES;
				CLANG_WARN_NON_LITERAL_NULL_CONVERSION = YES;
				CLANG_WARN_OBJC_IMPLICIT_RETAIN_SELF = YES;
				CLANG_WARN_OBJC_LITERAL_CONVERSION = YES;
				CLANG_WARN_OBJC_ROOT_CLASS = YES_ERROR;
				CLANG_WARN_RANGE_LOOP_ANALYSIS = YES;
				CLANG_WARN_STRICT_PROTOTYPES = YES;
				CLANG_WARN_SUSPICIOUS_MOVE = YES;
				CLANG_WARN_UNGUARDED_AVAILABILITY = YES_AGGRESSIVE;
				CLANG_WARN_UNREACHABLE_CODE = YES;
				CLANG_WARN__DUPLICATE_METHOD_MATCH = YES;
				COPY_PHASE_STRIP = NO;
				DEBUG_INFORMATION_FORMAT = dwarf;
				ENABLE_STRICT_OBJC_MSGSEND = YES;
				ENABLE_TESTABILITY = YES;
				GCC_C_LANGUAGE_STANDARD = gnu11;
				GCC_DYNAMIC_NO_PIC = NO;
				GCC_NO_COMMON_BLOCKS = YES;
				GCC_OPTIMIZATION_LEVEL = 0;
				GCC_PREPROCESSOR_DEFINITIONS = (
					"DEBUG=1",
					"$(inherited)",
				);
				GCC_WARN_64_TO_32_BIT_CONVERSION = YES;
				GCC_WARN_ABOUT_RETURN_TYPE = YES_ERROR;
				GCC_WARN_UNDECLARED_SELECTOR = YES;
				GCC_WARN_UNINITIALIZED_AUTOS = YES_AGGRESSIVE;
				GCC_WARN_UNUSED_FUNCTION = YES;
				GCC_WARN_UNUSED_VARIABLE = YES;
				MACOSX_DEPLOYMENT_TARGET = 10.15;
				MTL_ENABLE_DEBUG_INFO = INCLUDE_SOURCE;
				MTL_FAST_MATH = YES;
				ONLY_ACTIVE_ARCH = YES;
				SDKROOT = macosx;
				SWIFT_ACTIVE_COMPILATION_CONDITIONS = DEBUG;
				SWIFT_OPTIMIZATION_LEVEL = "-Onone";
			};
			name = Debug;
		};
		A98A0BE723B2F93900CD7DBE /* Release */ = {
			isa = XCBuildConfiguration;
			buildSettings = {
				ALWAYS_SEARCH_USER_PATHS = NO;
				CLANG_ANALYZER_NONNULL = YES;
				CLANG_ANALYZER_NUMBER_OBJECT_CONVERSION = YES_AGGRESSIVE;
				CLANG_CXX_LANGUAGE_STANDARD = "gnu++14";
				CLANG_CXX_LIBRARY = "libc++";
				CLANG_ENABLE_MODULES = YES;
				CLANG_ENABLE_OBJC_ARC = YES;
				CLANG_ENABLE_OBJC_WEAK = YES;
				CLANG_WARN_BLOCK_CAPTURE_AUTORELEASING = YES;
				CLANG_WARN_BOOL_CONVERSION = YES;
				CLANG_WARN_COMMA = YES;
				CLANG_WARN_CONSTANT_CONVERSION = YES;
				CLANG_WARN_DEPRECATED_OBJC_IMPLEMENTATIONS = YES;
				CLANG_WARN_DIRECT_OBJC_ISA_USAGE = YES_ERROR;
				CLANG_WARN_DOCUMENTATION_COMMENTS = YES;
				CLANG_WARN_EMPTY_BODY = YES;
				CLANG_WARN_ENUM_CONVERSION = YES;
				CLANG_WARN_INFINITE_RECURSION = YES;
				CLANG_WARN_INT_CONVERSION = YES;
				CLANG_WARN_NON_LITERAL_NULL_CONVERSION = YES;
				CLANG_WARN_OBJC_IMPLICIT_RETAIN_SELF = YES;
				CLANG_WARN_OBJC_LITERAL_CONVERSION = YES;
				CLANG_WARN_OBJC_ROOT_CLASS = YES_ERROR;
				CLANG_WARN_RANGE_LOOP_ANALYSIS = YES;
				CLANG_WARN_STRICT_PROTOTYPES = YES;
				CLANG_WARN_SUSPICIOUS_MOVE = YES;
				CLANG_WARN_UNGUARDED_AVAILABILITY = YES_AGGRESSIVE;
				CLANG_WARN_UNREACHABLE_CODE = YES;
				CLANG_WARN__DUPLICATE_METHOD_MATCH = YES;
				COPY_PHASE_STRIP = NO;
				DEBUG_INFORMATION_FORMAT = "dwarf-with-dsym";
				ENABLE_NS_ASSERTIONS = NO;
				ENABLE_STRICT_OBJC_MSGSEND = YES;
				GCC_C_LANGUAGE_STANDARD = gnu11;
				GCC_NO_COMMON_BLOCKS = YES;
				GCC_WARN_64_TO_32_BIT_CONVERSION = YES;
				GCC_WARN_ABOUT_RETURN_TYPE = YES_ERROR;
				GCC_WARN_UNDECLARED_SELECTOR = YES;
				GCC_WARN_UNINITIALIZED_AUTOS = YES_AGGRESSIVE;
				GCC_WARN_UNUSED_FUNCTION = YES;
				GCC_WARN_UNUSED_VARIABLE = YES;
				MACOSX_DEPLOYMENT_TARGET = 10.15;
				MTL_ENABLE_DEBUG_INFO = NO;
				MTL_FAST_MATH = YES;
				SDKROOT = macosx;
				SWIFT_COMPILATION_MODE = wholemodule;
				SWIFT_OPTIMIZATION_LEVEL = "-O";
			};
			name = Release;
		};
		A98A0BE923B2F93900CD7DBE /* Debug */ = {
			isa = XCBuildConfiguration;
			buildSettings = {
				ASSETCATALOG_COMPILER_APPICON_NAME = AppIcon;
				CODE_SIGN_ENTITLEMENTS = clock/clock.entitlements;
				CODE_SIGN_STYLE = Automatic;
				COMBINE_HIDPI_IMAGES = YES;
				DEVELOPMENT_ASSET_PATHS = "\"clock/Preview Content\"";
				ENABLE_PREVIEWS = YES;
				INFOPLIST_FILE = clock/Info.plist;
				LD_RUNPATH_SEARCH_PATHS = (
					"$(inherited)",
					"@executable_path/../Frameworks",
				);
				MACOSX_DEPLOYMENT_TARGET = 10.15;
				PRODUCT_BUNDLE_IDENTIFIER = tnmr.clock;
				PRODUCT_NAME = "$(TARGET_NAME)";
				SWIFT_VERSION = 5.0;
			};
			name = Debug;
		};
		A98A0BEA23B2F93900CD7DBE /* Release */ = {
			isa = XCBuildConfiguration;
			buildSettings = {
				ASSETCATALOG_COMPILER_APPICON_NAME = AppIcon;
				CODE_SIGN_ENTITLEMENTS = clock/clock.entitlements;
				CODE_SIGN_STYLE = Automatic;
				COMBINE_HIDPI_IMAGES = YES;
				DEVELOPMENT_ASSET_PATHS = "\"clock/Preview Content\"";
				ENABLE_PREVIEWS = YES;
				INFOPLIST_FILE = clock/Info.plist;
				LD_RUNPATH_SEARCH_PATHS = (
					"$(inherited)",
					"@executable_path/../Frameworks",
				);
				MACOSX_DEPLOYMENT_TARGET = 10.15;
				PRODUCT_BUNDLE_IDENTIFIER = tnmr.clock;
				PRODUCT_NAME = "$(TARGET_NAME)";
				SWIFT_VERSION = 5.0;
			};
			name = Release;
		};
		A98A0BEC23B2F93900CD7DBE /* Debug */ = {
			isa = XCBuildConfiguration;
			buildSettings = {
				ALWAYS_EMBED_SWIFT_STANDARD_LIBRARIES = YES;
				BUNDLE_LOADER = "$(TEST_HOST)";
				CODE_SIGN_STYLE = Automatic;
				COMBINE_HIDPI_IMAGES = YES;
				INFOPLIST_FILE = clockTests/Info.plist;
				LD_RUNPATH_SEARCH_PATHS = (
					"$(inherited)",
					"@executable_path/../Frameworks",
					"@loader_path/../Frameworks",
				);
				MACOSX_DEPLOYMENT_TARGET = 10.15;
				PRODUCT_BUNDLE_IDENTIFIER = tnmr.clockTests;
				PRODUCT_NAME = "$(TARGET_NAME)";
				SWIFT_VERSION = 5.0;
				TEST_HOST = "$(BUILT_PRODUCTS_DIR)/clock.app/Contents/MacOS/clock";
			};
			name = Debug;
		};
		A98A0BED23B2F93900CD7DBE /* Release */ = {
			isa = XCBuildConfiguration;
			buildSettings = {
				ALWAYS_EMBED_SWIFT_STANDARD_LIBRARIES = YES;
				BUNDLE_LOADER = "$(TEST_HOST)";
				CODE_SIGN_STYLE = Automatic;
				COMBINE_HIDPI_IMAGES = YES;
				INFOPLIST_FILE = clockTests/Info.plist;
				LD_RUNPATH_SEARCH_PATHS = (
					"$(inherited)",
					"@executable_path/../Frameworks",
					"@loader_path/../Frameworks",
				);
				MACOSX_DEPLOYMENT_TARGET = 10.15;
				PRODUCT_BUNDLE_IDENTIFIER = tnmr.clockTests;
				PRODUCT_NAME = "$(TARGET_NAME)";
				SWIFT_VERSION = 5.0;
				TEST_HOST = "$(BUILT_PRODUCTS_DIR)/clock.app/Contents/MacOS/clock";
			};
			name = Release;
		};
		A98A0BEF23B2F93900CD7DBE /* Debug */ = {
			isa = XCBuildConfiguration;
			buildSettings = {
				ALWAYS_EMBED_SWIFT_STANDARD_LIBRARIES = YES;
				CODE_SIGN_STYLE = Automatic;
				COMBINE_HIDPI_IMAGES = YES;
				INFOPLIST_FILE = clockUITests/Info.plist;
				LD_RUNPATH_SEARCH_PATHS = (
					"$(inherited)",
					"@executable_path/../Frameworks",
					"@loader_path/../Frameworks",
				);
				PRODUCT_BUNDLE_IDENTIFIER = tnmr.clockUITests;
				PRODUCT_NAME = "$(TARGET_NAME)";
				SWIFT_VERSION = 5.0;
				TEST_TARGET_NAME = clock;
			};
			name = Debug;
		};
		A98A0BF023B2F93900CD7DBE /* Release */ = {
			isa = XCBuildConfiguration;
			buildSettings = {
				ALWAYS_EMBED_SWIFT_STANDARD_LIBRARIES = YES;
				CODE_SIGN_STYLE = Automatic;
				COMBINE_HIDPI_IMAGES = YES;
				INFOPLIST_FILE = clockUITests/Info.plist;
				LD_RUNPATH_SEARCH_PATHS = (
					"$(inherited)",
					"@executable_path/../Frameworks",
					"@loader_path/../Frameworks",
				);
				PRODUCT_BUNDLE_IDENTIFIER = tnmr.clockUITests;
				PRODUCT_NAME = "$(TARGET_NAME)";
				SWIFT_VERSION = 5.0;
				TEST_TARGET_NAME = clock;
			};
			name = Release;
		};
/* End XCBuildConfiguration section */

/* Begin XCConfigurationList section */
		A98A0BBA23B2F93800CD7DBE /* Build configuration list for PBXProject "clock" */ = {
			isa = XCConfigurationList;
			buildConfigurations = (
				A98A0BE623B2F93900CD7DBE /* Debug */,
				A98A0BE723B2F93900CD7DBE /* Release */,
			);
			defaultConfigurationIsVisible = 0;
			defaultConfigurationName = Release;
		};
		A98A0BE823B2F93900CD7DBE /* Build configuration list for PBXNativeTarget "clock" */ = {
			isa = XCConfigurationList;
			buildConfigurations = (
				A98A0BE923B2F93900CD7DBE /* Debug */,
				A98A0BEA23B2F93900CD7DBE /* Release */,
			);
			defaultConfigurationIsVisible = 0;
			defaultConfigurationName = Release;
		};
		A98A0BEB23B2F93900CD7DBE /* Build configuration list for PBXNativeTarget "clockTests" */ = {
			isa = XCConfigurationList;
			buildConfigurations = (
				A98A0BEC23B2F93900CD7DBE /* Debug */,
				A98A0BED23B2F93900CD7DBE /* Release */,
			);
			defaultConfigurationIsVisible = 0;
			defaultConfigurationName = Release;
		};
		A98A0BEE23B2F93900CD7DBE /* Build configuration list for PBXNativeTarget "clockUITests" */ = {
			isa = XCConfigurationList;
			buildConfigurations = (
				A98A0BEF23B2F93900CD7DBE /* Debug */,
				A98A0BF023B2F93900CD7DBE /* Release */,
			);
			defaultConfigurationIsVisible = 0;
			defaultConfigurationName = Release;
		};
/* End XCConfigurationList section */
	};
	rootObject = A98A0BB723B2F93800CD7DBE /* Project object */;
}
